// !$*UTF8*$!
{
	archiveVersion = 1;
	classes = {
	};
	objectVersion = 51;
	objects = {

/* Begin PBXBuildFile section */
		1878415125DC778A00DE1E99 /* MovieGridCell.swift in Sources */ = {isa = PBXBuildFile; fileRef = 1878415025DC778A00DE1E99 /* MovieGridCell.swift */; };
		18ADF57425D6F24E00DD4546 /* AppDelegate.swift in Sources */ = {isa = PBXBuildFile; fileRef = 18ADF57325D6F24E00DD4546 /* AppDelegate.swift */; };
		18ADF57625D6F24E00DD4546 /* SceneDelegate.swift in Sources */ = {isa = PBXBuildFile; fileRef = 18ADF57525D6F24E00DD4546 /* SceneDelegate.swift */; };
		18ADF57825D6F24E00DD4546 /* MovieViewController.swift in Sources */ = {isa = PBXBuildFile; fileRef = 18ADF57725D6F24E00DD4546 /* MovieViewController.swift */; };
		18ADF57B25D6F24E00DD4546 /* Main.storyboard in Resources */ = {isa = PBXBuildFile; fileRef = 18ADF57925D6F24E00DD4546 /* Main.storyboard */; };
		18ADF57D25D6F24F00DD4546 /* Assets.xcassets in Resources */ = {isa = PBXBuildFile; fileRef = 18ADF57C25D6F24F00DD4546 /* Assets.xcassets */; };
		18ADF58025D6F24F00DD4546 /* LaunchScreen.storyboard in Resources */ = {isa = PBXBuildFile; fileRef = 18ADF57E25D6F24F00DD4546 /* LaunchScreen.storyboard */; };
		18ADF58B25D6F24F00DD4546 /* FlixerTests.swift in Sources */ = {isa = PBXBuildFile; fileRef = 18ADF58A25D6F24F00DD4546 /* FlixerTests.swift */; };
		18ADF59625D6F24F00DD4546 /* FlixerUITests.swift in Sources */ = {isa = PBXBuildFile; fileRef = 18ADF59525D6F24F00DD4546 /* FlixerUITests.swift */; };
		18ADF5AA25D6F87400DD4546 /* MovieCell.swift in Sources */ = {isa = PBXBuildFile; fileRef = 18ADF5A925D6F87400DD4546 /* MovieCell.swift */; };
		18FBC01725DA1ED200847B06 /* MovieDetailsViewController.swift in Sources */ = {isa = PBXBuildFile; fileRef = 18FBC01625DA1ED200847B06 /* MovieDetailsViewController.swift */; };
		18FBC01C25DA33A000847B06 /* MovieGridViewController.swift in Sources */ = {isa = PBXBuildFile; fileRef = 18FBC01B25DA33A000847B06 /* MovieGridViewController.swift */; };
		2185535009D6C4C4FDBE5E79 /* Pods_Flixer_FlixerUITests.framework in Frameworks */ = {isa = PBXBuildFile; fileRef = 4620A3D4926DB351E24BDC20 /* Pods_Flixer_FlixerUITests.framework */; };
		5DACAA9CDCC2FDA839F8FE74 /* Pods_FlixerTests.framework in Frameworks */ = {isa = PBXBuildFile; fileRef = 441DEC50A110DCA1599DE716 /* Pods_FlixerTests.framework */; };
		8EDF8DC16C63EB01D17356A7 /* Pods_Flixer.framework in Frameworks */ = {isa = PBXBuildFile; fileRef = E809BDF8742892176C8AF9A5 /* Pods_Flixer.framework */; };
/* End PBXBuildFile section */

/* Begin PBXContainerItemProxy section */
		18ADF58725D6F24F00DD4546 /* PBXContainerItemProxy */ = {
			isa = PBXContainerItemProxy;
			containerPortal = 18ADF56825D6F24E00DD4546 /* Project object */;
			proxyType = 1;
			remoteGlobalIDString = 18ADF56F25D6F24E00DD4546;
			remoteInfo = Flixer;
		};
		18ADF59225D6F24F00DD4546 /* PBXContainerItemProxy */ = {
			isa = PBXContainerItemProxy;
			containerPortal = 18ADF56825D6F24E00DD4546 /* Project object */;
			proxyType = 1;
			remoteGlobalIDString = 18ADF56F25D6F24E00DD4546;
			remoteInfo = Flixer;
		};
/* End PBXContainerItemProxy section */

/* Begin PBXFileReference section */
		1878415025DC778A00DE1E99 /* MovieGridCell.swift */ = {isa = PBXFileReference; lastKnownFileType = sourcecode.swift; path = MovieGridCell.swift; sourceTree = "<group>"; };
		18ADF57025D6F24E00DD4546 /* Flixer.app */ = {isa = PBXFileReference; explicitFileType = wrapper.application; includeInIndex = 0; path = Flixer.app; sourceTree = BUILT_PRODUCTS_DIR; };
		18ADF57325D6F24E00DD4546 /* AppDelegate.swift */ = {isa = PBXFileReference; lastKnownFileType = sourcecode.swift; path = AppDelegate.swift; sourceTree = "<group>"; };
		18ADF57525D6F24E00DD4546 /* SceneDelegate.swift */ = {isa = PBXFileReference; lastKnownFileType = sourcecode.swift; path = SceneDelegate.swift; sourceTree = "<group>"; };
		18ADF57725D6F24E00DD4546 /* MovieViewController.swift */ = {isa = PBXFileReference; lastKnownFileType = sourcecode.swift; path = MovieViewController.swift; sourceTree = "<group>"; };
		18ADF57A25D6F24E00DD4546 /* Base */ = {isa = PBXFileReference; lastKnownFileType = file.storyboard; name = Base; path = Base.lproj/Main.storyboard; sourceTree = "<group>"; };
		18ADF57C25D6F24F00DD4546 /* Assets.xcassets */ = {isa = PBXFileReference; lastKnownFileType = folder.assetcatalog; path = Assets.xcassets; sourceTree = "<group>"; };
		18ADF57F25D6F24F00DD4546 /* Base */ = {isa = PBXFileReference; lastKnownFileType = file.storyboard; name = Base; path = Base.lproj/LaunchScreen.storyboard; sourceTree = "<group>"; };
		18ADF58125D6F24F00DD4546 /* Info.plist */ = {isa = PBXFileReference; lastKnownFileType = text.plist.xml; path = Info.plist; sourceTree = "<group>"; };
		18ADF58625D6F24F00DD4546 /* FlixerTests.xctest */ = {isa = PBXFileReference; explicitFileType = wrapper.cfbundle; includeInIndex = 0; path = FlixerTests.xctest; sourceTree = BUILT_PRODUCTS_DIR; };
		18ADF58A25D6F24F00DD4546 /* FlixerTests.swift */ = {isa = PBXFileReference; lastKnownFileType = sourcecode.swift; path = FlixerTests.swift; sourceTree = "<group>"; };
		18ADF58C25D6F24F00DD4546 /* Info.plist */ = {isa = PBXFileReference; lastKnownFileType = text.plist.xml; path = Info.plist; sourceTree = "<group>"; };
		18ADF59125D6F24F00DD4546 /* FlixerUITests.xctest */ = {isa = PBXFileReference; explicitFileType = wrapper.cfbundle; includeInIndex = 0; path = FlixerUITests.xctest; sourceTree = BUILT_PRODUCTS_DIR; };
		18ADF59525D6F24F00DD4546 /* FlixerUITests.swift */ = {isa = PBXFileReference; lastKnownFileType = sourcecode.swift; path = FlixerUITests.swift; sourceTree = "<group>"; };
		18ADF59725D6F24F00DD4546 /* Info.plist */ = {isa = PBXFileReference; lastKnownFileType = text.plist.xml; path = Info.plist; sourceTree = "<group>"; };
		18ADF5A925D6F87400DD4546 /* MovieCell.swift */ = {isa = PBXFileReference; lastKnownFileType = sourcecode.swift; path = MovieCell.swift; sourceTree = "<group>"; };
		18FBC01625DA1ED200847B06 /* MovieDetailsViewController.swift */ = {isa = PBXFileReference; lastKnownFileType = sourcecode.swift; path = MovieDetailsViewController.swift; sourceTree = "<group>"; };
		18FBC01B25DA33A000847B06 /* MovieGridViewController.swift */ = {isa = PBXFileReference; lastKnownFileType = sourcecode.swift; path = MovieGridViewController.swift; sourceTree = "<group>"; };
		433F9519116192E847F1ACD9 /* Pods-Flixer-FlixerUITests.release.xcconfig */ = {isa = PBXFileReference; includeInIndex = 1; lastKnownFileType = text.xcconfig; name = "Pods-Flixer-FlixerUITests.release.xcconfig"; path = "Target Support Files/Pods-Flixer-FlixerUITests/Pods-Flixer-FlixerUITests.release.xcconfig"; sourceTree = "<group>"; };
		441DEC50A110DCA1599DE716 /* Pods_FlixerTests.framework */ = {isa = PBXFileReference; explicitFileType = wrapper.framework; includeInIndex = 0; path = Pods_FlixerTests.framework; sourceTree = BUILT_PRODUCTS_DIR; };
		4620A3D4926DB351E24BDC20 /* Pods_Flixer_FlixerUITests.framework */ = {isa = PBXFileReference; explicitFileType = wrapper.framework; includeInIndex = 0; path = Pods_Flixer_FlixerUITests.framework; sourceTree = BUILT_PRODUCTS_DIR; };
		4B1198A13CE7980A0BEA4EF1 /* Pods-Flixer-FlixerUITests.debug.xcconfig */ = {isa = PBXFileReference; includeInIndex = 1; lastKnownFileType = text.xcconfig; name = "Pods-Flixer-FlixerUITests.debug.xcconfig"; path = "Target Support Files/Pods-Flixer-FlixerUITests/Pods-Flixer-FlixerUITests.debug.xcconfig"; sourceTree = "<group>"; };
		50AF73099141539ECDFEBD58 /* Pods-Flixer.release.xcconfig */ = {isa = PBXFileReference; includeInIndex = 1; lastKnownFileType = text.xcconfig; name = "Pods-Flixer.release.xcconfig"; path = "Target Support Files/Pods-Flixer/Pods-Flixer.release.xcconfig"; sourceTree = "<group>"; };
		5F98DC33E445EBCD6C3A8157 /* Pods-FlixerTests.release.xcconfig */ = {isa = PBXFileReference; includeInIndex = 1; lastKnownFileType = text.xcconfig; name = "Pods-FlixerTests.release.xcconfig"; path = "Target Support Files/Pods-FlixerTests/Pods-FlixerTests.release.xcconfig"; sourceTree = "<group>"; };
		A15B353394C343F7CC25EBA4 /* Pods-FlixerTests.debug.xcconfig */ = {isa = PBXFileReference; includeInIndex = 1; lastKnownFileType = text.xcconfig; name = "Pods-FlixerTests.debug.xcconfig"; path = "Target Support Files/Pods-FlixerTests/Pods-FlixerTests.debug.xcconfig"; sourceTree = "<group>"; };
		B41B818FA4CE846E35EF4AF3 /* Pods-Flixer.debug.xcconfig */ = {isa = PBXFileReference; includeInIndex = 1; lastKnownFileType = text.xcconfig; name = "Pods-Flixer.debug.xcconfig"; path = "Target Support Files/Pods-Flixer/Pods-Flixer.debug.xcconfig"; sourceTree = "<group>"; };
		E809BDF8742892176C8AF9A5 /* Pods_Flixer.framework */ = {isa = PBXFileReference; explicitFileType = wrapper.framework; includeInIndex = 0; path = Pods_Flixer.framework; sourceTree = BUILT_PRODUCTS_DIR; };
/* End PBXFileReference section */

/* Begin PBXFrameworksBuildPhase section */
		18ADF56D25D6F24E00DD4546 /* Frameworks */ = {
			isa = PBXFrameworksBuildPhase;
			buildActionMask = 2147483647;
			files = (
				8EDF8DC16C63EB01D17356A7 /* Pods_Flixer.framework in Frameworks */,
			);
			runOnlyForDeploymentPostprocessing = 0;
		};
		18ADF58325D6F24F00DD4546 /* Frameworks */ = {
			isa = PBXFrameworksBuildPhase;
			buildActionMask = 2147483647;
			files = (
				5DACAA9CDCC2FDA839F8FE74 /* Pods_FlixerTests.framework in Frameworks */,
			);
			runOnlyForDeploymentPostprocessing = 0;
		};
		18ADF58E25D6F24F00DD4546 /* Frameworks */ = {
			isa = PBXFrameworksBuildPhase;
			buildActionMask = 2147483647;
			files = (
				2185535009D6C4C4FDBE5E79 /* Pods_Flixer_FlixerUITests.framework in Frameworks */,
			);
			runOnlyForDeploymentPostprocessing = 0;
		};
/* End PBXFrameworksBuildPhase section */

/* Begin PBXGroup section */
		18ADF56725D6F24E00DD4546 = {
			isa = PBXGroup;
			children = (
				18ADF57225D6F24E00DD4546 /* Flixer */,
				18ADF58925D6F24F00DD4546 /* FlixerTests */,
				18ADF59425D6F24F00DD4546 /* FlixerUITests */,
				18ADF57125D6F24E00DD4546 /* Products */,
				6C7CDBA300F6907C9DDB7580 /* Pods */,
				6EE7075628D92AE0F19EF947 /* Frameworks */,
			);
			sourceTree = "<group>";
		};
		18ADF57125D6F24E00DD4546 /* Products */ = {
			isa = PBXGroup;
			children = (
				18ADF57025D6F24E00DD4546 /* Flixer.app */,
				18ADF58625D6F24F00DD4546 /* FlixerTests.xctest */,
				18ADF59125D6F24F00DD4546 /* FlixerUITests.xctest */,
			);
			name = Products;
			sourceTree = "<group>";
		};
		18ADF57225D6F24E00DD4546 /* Flixer */ = {
			isa = PBXGroup;
			children = (
				18ADF57325D6F24E00DD4546 /* AppDelegate.swift */,
				18ADF57525D6F24E00DD4546 /* SceneDelegate.swift */,
				18ADF57725D6F24E00DD4546 /* MovieViewController.swift */,
				18ADF5A925D6F87400DD4546 /* MovieCell.swift */,
				18ADF57925D6F24E00DD4546 /* Main.storyboard */,
				1878415025DC778A00DE1E99 /* MovieGridCell.swift */,
				18FBC01B25DA33A000847B06 /* MovieGridViewController.swift */,
				18FBC01625DA1ED200847B06 /* MovieDetailsViewController.swift */,
				18ADF57C25D6F24F00DD4546 /* Assets.xcassets */,
				18ADF57E25D6F24F00DD4546 /* LaunchScreen.storyboard */,
				18ADF58125D6F24F00DD4546 /* Info.plist */,
			);
			path = Flixer;
			sourceTree = "<group>";
		};
		18ADF58925D6F24F00DD4546 /* FlixerTests */ = {
			isa = PBXGroup;
			children = (
				18ADF58A25D6F24F00DD4546 /* FlixerTests.swift */,
				18ADF58C25D6F24F00DD4546 /* Info.plist */,
			);
			path = FlixerTests;
			sourceTree = "<group>";
		};
		18ADF59425D6F24F00DD4546 /* FlixerUITests */ = {
			isa = PBXGroup;
			children = (
				18ADF59525D6F24F00DD4546 /* FlixerUITests.swift */,
				18ADF59725D6F24F00DD4546 /* Info.plist */,
			);
			path = FlixerUITests;
			sourceTree = "<group>";
		};
		6C7CDBA300F6907C9DDB7580 /* Pods */ = {
			isa = PBXGroup;
			children = (
				B41B818FA4CE846E35EF4AF3 /* Pods-Flixer.debug.xcconfig */,
				50AF73099141539ECDFEBD58 /* Pods-Flixer.release.xcconfig */,
				4B1198A13CE7980A0BEA4EF1 /* Pods-Flixer-FlixerUITests.debug.xcconfig */,
				433F9519116192E847F1ACD9 /* Pods-Flixer-FlixerUITests.release.xcconfig */,
				A15B353394C343F7CC25EBA4 /* Pods-FlixerTests.debug.xcconfig */,
				5F98DC33E445EBCD6C3A8157 /* Pods-FlixerTests.release.xcconfig */,
			);
			path = Pods;
			sourceTree = "<group>";
		};
		6EE7075628D92AE0F19EF947 /* Frameworks */ = {
			isa = PBXGroup;
			children = (
				E809BDF8742892176C8AF9A5 /* Pods_Flixer.framework */,
				4620A3D4926DB351E24BDC20 /* Pods_Flixer_FlixerUITests.framework */,
				441DEC50A110DCA1599DE716 /* Pods_FlixerTests.framework */,
			);
			name = Frameworks;
			sourceTree = "<group>";
		};
/* End PBXGroup section */

/* Begin PBXNativeTarget section */
		18ADF56F25D6F24E00DD4546 /* Flixer */ = {
			isa = PBXNativeTarget;
			buildConfigurationList = 18ADF59A25D6F24F00DD4546 /* Build configuration list for PBXNativeTarget "Flixer" */;
			buildPhases = (
				A4C843DEB67FF9814CA575F7 /* [CP] Check Pods Manifest.lock */,
				18ADF56C25D6F24E00DD4546 /* Sources */,
				18ADF56D25D6F24E00DD4546 /* Frameworks */,
				18ADF56E25D6F24E00DD4546 /* Resources */,
				20206579D5E1D4BFD3737592 /* [CP] Embed Pods Frameworks */,
			);
			buildRules = (
			);
			dependencies = (
			);
			name = Flixer;
			productName = Flixer;
			productReference = 18ADF57025D6F24E00DD4546 /* Flixer.app */;
			productType = "com.apple.product-type.application";
		};
		18ADF58525D6F24F00DD4546 /* FlixerTests */ = {
			isa = PBXNativeTarget;
			buildConfigurationList = 18ADF59D25D6F24F00DD4546 /* Build configuration list for PBXNativeTarget "FlixerTests" */;
			buildPhases = (
				EB44C116BCDECF02331B441C /* [CP] Check Pods Manifest.lock */,
				18ADF58225D6F24F00DD4546 /* Sources */,
				18ADF58325D6F24F00DD4546 /* Frameworks */,
				18ADF58425D6F24F00DD4546 /* Resources */,
			);
			buildRules = (
			);
			dependencies = (
				18ADF58825D6F24F00DD4546 /* PBXTargetDependency */,
			);
			name = FlixerTests;
			productName = FlixerTests;
			productReference = 18ADF58625D6F24F00DD4546 /* FlixerTests.xctest */;
			productType = "com.apple.product-type.bundle.unit-test";
		};
		18ADF59025D6F24F00DD4546 /* FlixerUITests */ = {
			isa = PBXNativeTarget;
			buildConfigurationList = 18ADF5A025D6F24F00DD4546 /* Build configuration list for PBXNativeTarget "FlixerUITests" */;
			buildPhases = (
				D2D526ACAE505E1452285B69 /* [CP] Check Pods Manifest.lock */,
				18ADF58D25D6F24F00DD4546 /* Sources */,
				18ADF58E25D6F24F00DD4546 /* Frameworks */,
				18ADF58F25D6F24F00DD4546 /* Resources */,
				FAF169E3640754A1E08B2671 /* [CP] Embed Pods Frameworks */,
			);
			buildRules = (
			);
			dependencies = (
				18ADF59325D6F24F00DD4546 /* PBXTargetDependency */,
			);
			name = FlixerUITests;
			productName = FlixerUITests;
			productReference = 18ADF59125D6F24F00DD4546 /* FlixerUITests.xctest */;
			productType = "com.apple.product-type.bundle.ui-testing";
		};
/* End PBXNativeTarget section */

/* Begin PBXProject section */
		18ADF56825D6F24E00DD4546 /* Project object */ = {
			isa = PBXProject;
			attributes = {
				LastSwiftUpdateCheck = 1230;
				LastUpgradeCheck = 1230;
				TargetAttributes = {
					18ADF56F25D6F24E00DD4546 = {
						CreatedOnToolsVersion = 12.3;
					};
					18ADF58525D6F24F00DD4546 = {
						CreatedOnToolsVersion = 12.3;
						TestTargetID = 18ADF56F25D6F24E00DD4546;
					};
					18ADF59025D6F24F00DD4546 = {
						CreatedOnToolsVersion = 12.3;
						TestTargetID = 18ADF56F25D6F24E00DD4546;
					};
				};
			};
			buildConfigurationList = 18ADF56B25D6F24E00DD4546 /* Build configuration list for PBXProject "Flixer" */;
			compatibilityVersion = "Xcode 9.3";
			developmentRegion = en;
			hasScannedForEncodings = 0;
			knownRegions = (
				en,
				Base,
			);
			mainGroup = 18ADF56725D6F24E00DD4546;
			productRefGroup = 18ADF57125D6F24E00DD4546 /* Products */;
			projectDirPath = "";
			projectRoot = "";
			targets = (
				18ADF56F25D6F24E00DD4546 /* Flixer */,
				18ADF58525D6F24F00DD4546 /* FlixerTests */,
				18ADF59025D6F24F00DD4546 /* FlixerUITests */,
			);
		};
/* End PBXProject section */

/* Begin PBXResourcesBuildPhase section */
		18ADF56E25D6F24E00DD4546 /* Resources */ = {
			isa = PBXResourcesBuildPhase;
			buildActionMask = 2147483647;
			files = (
				18ADF58025D6F24F00DD4546 /* LaunchScreen.storyboard in Resources */,
				18ADF57D25D6F24F00DD4546 /* Assets.xcassets in Resources */,
				18ADF57B25D6F24E00DD4546 /* Main.storyboard in Resources */,
			);
			runOnlyForDeploymentPostprocessing = 0;
		};
		18ADF58425D6F24F00DD4546 /* Resources */ = {
			isa = PBXResourcesBuildPhase;
			buildActionMask = 2147483647;
			files = (
			);
			runOnlyForDeploymentPostprocessing = 0;
		};
		18ADF58F25D6F24F00DD4546 /* Resources */ = {
			isa = PBXResourcesBuildPhase;
			buildActionMask = 2147483647;
			files = (
			);
			runOnlyForDeploymentPostprocessing = 0;
		};
/* End PBXResourcesBuildPhase section */

/* Begin PBXShellScriptBuildPhase section */
		20206579D5E1D4BFD3737592 /* [CP] Embed Pods Frameworks */ = {
			isa = PBXShellScriptBuildPhase;
			buildActionMask = 2147483647;
			files = (
			);
			inputFileListPaths = (
				"${PODS_ROOT}/Target Support Files/Pods-Flixer/Pods-Flixer-frameworks-${CONFIGURATION}-input-files.xcfilelist",
			);
			name = "[CP] Embed Pods Frameworks";
			outputFileListPaths = (
				"${PODS_ROOT}/Target Support Files/Pods-Flixer/Pods-Flixer-frameworks-${CONFIGURATION}-output-files.xcfilelist",
			);
			runOnlyForDeploymentPostprocessing = 0;
			shellPath = /bin/sh;
			shellScript = "\"${PODS_ROOT}/Target Support Files/Pods-Flixer/Pods-Flixer-frameworks.sh\"\n";
			showEnvVarsInLog = 0;
		};
		A4C843DEB67FF9814CA575F7 /* [CP] Check Pods Manifest.lock */ = {
			isa = PBXShellScriptBuildPhase;
			buildActionMask = 2147483647;
			files = (
			);
			inputFileListPaths = (
			);
			inputPaths = (
				"${PODS_PODFILE_DIR_PATH}/Podfile.lock",
				"${PODS_ROOT}/Manifest.lock",
			);
			name = "[CP] Check Pods Manifest.lock";
			outputFileListPaths = (
			);
			outputPaths = (
				"$(DERIVED_FILE_DIR)/Pods-Flixer-checkManifestLockResult.txt",
			);
			runOnlyForDeploymentPostprocessing = 0;
			shellPath = /bin/sh;
			shellScript = "diff \"${PODS_PODFILE_DIR_PATH}/Podfile.lock\" \"${PODS_ROOT}/Manifest.lock\" > /dev/null\nif [ $? != 0 ] ; then\n    # print error to STDERR\n    echo \"error: The sandbox is not in sync with the Podfile.lock. Run 'pod install' or update your CocoaPods installation.\" >&2\n    exit 1\nfi\n# This output is used by Xcode 'outputs' to avoid re-running this script phase.\necho \"SUCCESS\" > \"${SCRIPT_OUTPUT_FILE_0}\"\n";
			showEnvVarsInLog = 0;
		};
		D2D526ACAE505E1452285B69 /* [CP] Check Pods Manifest.lock */ = {
			isa = PBXShellScriptBuildPhase;
			buildActionMask = 2147483647;
			files = (
			);
			inputFileListPaths = (
			);
			inputPaths = (
				"${PODS_PODFILE_DIR_PATH}/Podfile.lock",
				"${PODS_ROOT}/Manifest.lock",
			);
			name = "[CP] Check Pods Manifest.lock";
			outputFileListPaths = (
			);
			outputPaths = (
				"$(DERIVED_FILE_DIR)/Pods-Flixer-FlixerUITests-checkManifestLockResult.txt",
			);
			runOnlyForDeploymentPostprocessing = 0;
			shellPath = /bin/sh;
			shellScript = "diff \"${PODS_PODFILE_DIR_PATH}/Podfile.lock\" \"${PODS_ROOT}/Manifest.lock\" > /dev/null\nif [ $? != 0 ] ; then\n    # print error to STDERR\n    echo \"error: The sandbox is not in sync with the Podfile.lock. Run 'pod install' or update your CocoaPods installation.\" >&2\n    exit 1\nfi\n# This output is used by Xcode 'outputs' to avoid re-running this script phase.\necho \"SUCCESS\" > \"${SCRIPT_OUTPUT_FILE_0}\"\n";
			showEnvVarsInLog = 0;
		};
		EB44C116BCDECF02331B441C /* [CP] Check Pods Manifest.lock */ = {
			isa = PBXShellScriptBuildPhase;
			buildActionMask = 2147483647;
			files = (
			);
			inputFileListPaths = (
			);
			inputPaths = (
				"${PODS_PODFILE_DIR_PATH}/Podfile.lock",
				"${PODS_ROOT}/Manifest.lock",
			);
			name = "[CP] Check Pods Manifest.lock";
			outputFileListPaths = (
			);
			outputPaths = (
				"$(DERIVED_FILE_DIR)/Pods-FlixerTests-checkManifestLockResult.txt",
			);
			runOnlyForDeploymentPostprocessing = 0;
			shellPath = /bin/sh;
			shellScript = "diff \"${PODS_PODFILE_DIR_PATH}/Podfile.lock\" \"${PODS_ROOT}/Manifest.lock\" > /dev/null\nif [ $? != 0 ] ; then\n    # print error to STDERR\n    echo \"error: The sandbox is not in sync with the Podfile.lock. Run 'pod install' or update your CocoaPods installation.\" >&2\n    exit 1\nfi\n# This output is used by Xcode 'outputs' to avoid re-running this script phase.\necho \"SUCCESS\" > \"${SCRIPT_OUTPUT_FILE_0}\"\n";
			showEnvVarsInLog = 0;
		};
		FAF169E3640754A1E08B2671 /* [CP] Embed Pods Frameworks */ = {
			isa = PBXShellScriptBuildPhase;
			buildActionMask = 2147483647;
			files = (
			);
			inputFileListPaths = (
				"${PODS_ROOT}/Target Support Files/Pods-Flixer-FlixerUITests/Pods-Flixer-FlixerUITests-frameworks-${CONFIGURATION}-input-files.xcfilelist",
			);
			name = "[CP] Embed Pods Frameworks";
			outputFileListPaths = (
				"${PODS_ROOT}/Target Support Files/Pods-Flixer-FlixerUITests/Pods-Flixer-FlixerUITests-frameworks-${CONFIGURATION}-output-files.xcfilelist",
			);
			runOnlyForDeploymentPostprocessing = 0;
			shellPath = /bin/sh;
			shellScript = "\"${PODS_ROOT}/Target Support Files/Pods-Flixer-FlixerUITests/Pods-Flixer-FlixerUITests-frameworks.sh\"\n";
			showEnvVarsInLog = 0;
		};
/* End PBXShellScriptBuildPhase section */

/* Begin PBXSourcesBuildPhase section */
		18ADF56C25D6F24E00DD4546 /* Sources */ = {
			isa = PBXSourcesBuildPhase;
			buildActionMask = 2147483647;
			files = (
				18FBC01725DA1ED200847B06 /* MovieDetailsViewController.swift in Sources */,
				18ADF57825D6F24E00DD4546 /* MovieViewController.swift in Sources */,
				18ADF57425D6F24E00DD4546 /* AppDelegate.swift in Sources */,
				18ADF5AA25D6F87400DD4546 /* MovieCell.swift in Sources */,
				18ADF57625D6F24E00DD4546 /* SceneDelegate.swift in Sources */,
				18FBC01C25DA33A000847B06 /* MovieGridViewController.swift in Sources */,
				1878415125DC778A00DE1E99 /* MovieGridCell.swift in Sources */,
			);
			runOnlyForDeploymentPostprocessing = 0;
		};
		18ADF58225D6F24F00DD4546 /* Sources */ = {
			isa = PBXSourcesBuildPhase;
			buildActionMask = 2147483647;
			files = (
				18ADF58B25D6F24F00DD4546 /* FlixerTests.swift in Sources */,
			);
			runOnlyForDeploymentPostprocessing = 0;
		};
		18ADF58D25D6F24F00DD4546 /* Sources */ = {
			isa = PBXSourcesBuildPhase;
			buildActionMask = 2147483647;
			files = (
				18ADF59625D6F24F00DD4546 /* FlixerUITests.swift in Sources */,
			);
			runOnlyForDeploymentPostprocessing = 0;
		};
/* End PBXSourcesBuildPhase section */

/* Begin PBXTargetDependency section */
		18ADF58825D6F24F00DD4546 /* PBXTargetDependency */ = {
			isa = PBXTargetDependency;
			target = 18ADF56F25D6F24E00DD4546 /* Flixer */;
			targetProxy = 18ADF58725D6F24F00DD4546 /* PBXContainerItemProxy */;
		};
		18ADF59325D6F24F00DD4546 /* PBXTargetDependency */ = {
			isa = PBXTargetDependency;
			target = 18ADF56F25D6F24E00DD4546 /* Flixer */;
			targetProxy = 18ADF59225D6F24F00DD4546 /* PBXContainerItemProxy */;
		};
/* End PBXTargetDependency section */

/* Begin PBXVariantGroup section */
		18ADF57925D6F24E00DD4546 /* Main.storyboard */ = {
			isa = PBXVariantGroup;
			children = (
				18ADF57A25D6F24E00DD4546 /* Base */,
			);
			name = Main.storyboard;
			sourceTree = "<group>";
		};
		18ADF57E25D6F24F00DD4546 /* LaunchScreen.storyboard */ = {
			isa = PBXVariantGroup;
			children = (
				18ADF57F25D6F24F00DD4546 /* Base */,
			);
			name = LaunchScreen.storyboard;
			sourceTree = "<group>";
		};
/* End PBXVariantGroup section */

/* Begin XCBuildConfiguration section */
		18ADF59825D6F24F00DD4546 /* Debug */ = {
			isa = XCBuildConfiguration;
			buildSettings = {
				ALWAYS_SEARCH_USER_PATHS = NO;
				CLANG_ANALYZER_NONNULL = YES;
				CLANG_ANALYZER_NUMBER_OBJECT_CONVERSION = YES_AGGRESSIVE;
				CLANG_CXX_LANGUAGE_STANDARD = "gnu++14";
				CLANG_CXX_LIBRARY = "libc++";
				CLANG_ENABLE_MODULES = YES;
				CLANG_ENABLE_OBJC_ARC = YES;
				CLANG_ENABLE_OBJC_WEAK = YES;
				CLANG_WARN_BLOCK_CAPTURE_AUTORELEASING = YES;
				CLANG_WARN_BOOL_CONVERSION = YES;
				CLANG_WARN_COMMA = YES;
				CLANG_WARN_CONSTANT_CONVERSION = YES;
				CLANG_WARN_DEPRECATED_OBJC_IMPLEMENTATIONS = YES;
				CLANG_WARN_DIRECT_OBJC_ISA_USAGE = YES_ERROR;
				CLANG_WARN_DOCUMENTATION_COMMENTS = YES;
				CLANG_WARN_EMPTY_BODY = YES;
				CLANG_WARN_ENUM_CONVERSION = YES;
				CLANG_WARN_INFINITE_RECURSION = YES;
				CLANG_WARN_INT_CONVERSION = YES;
				CLANG_WARN_NON_LITERAL_NULL_CONVERSION = YES;
				CLANG_WARN_OBJC_IMPLICIT_RETAIN_SELF = YES;
				CLANG_WARN_OBJC_LITERAL_CONVERSION = YES;
				CLANG_WARN_OBJC_ROOT_CLASS = YES_ERROR;
				CLANG_WARN_QUOTED_INCLUDE_IN_FRAMEWORK_HEADER = YES;
				CLANG_WARN_RANGE_LOOP_ANALYSIS = YES;
				CLANG_WARN_STRICT_PROTOTYPES = YES;
				CLANG_WARN_SUSPICIOUS_MOVE = YES;
				CLANG_WARN_UNGUARDED_AVAILABILITY = YES_AGGRESSIVE;
				CLANG_WARN_UNREACHABLE_CODE = YES;
				CLANG_WARN__DUPLICATE_METHOD_MATCH = YES;
				COPY_PHASE_STRIP = NO;
				DEBUG_INFORMATION_FORMAT = dwarf;
				ENABLE_STRICT_OBJC_MSGSEND = YES;
				ENABLE_TESTABILITY = YES;
				GCC_C_LANGUAGE_STANDARD = gnu11;
				GCC_DYNAMIC_NO_PIC = NO;
				GCC_NO_COMMON_BLOCKS = YES;
				GCC_OPTIMIZATION_LEVEL = 0;
				GCC_PREPROCESSOR_DEFINITIONS = (
					"DEBUG=1",
					"$(inherited)",
				);
				GCC_WARN_64_TO_32_BIT_CONVERSION = YES;
				GCC_WARN_ABOUT_RETURN_TYPE = YES_ERROR;
				GCC_WARN_UNDECLARED_SELECTOR = YES;
				GCC_WARN_UNINITIALIZED_AUTOS = YES_AGGRESSIVE;
				GCC_WARN_UNUSED_FUNCTION = YES;
				GCC_WARN_UNUSED_VARIABLE = YES;
				IPHONEOS_DEPLOYMENT_TARGET = 14.3;
				MTL_ENABLE_DEBUG_INFO = INCLUDE_SOURCE;
				MTL_FAST_MATH = YES;
				ONLY_ACTIVE_ARCH = YES;
				SDKROOT = iphoneos;
				SWIFT_ACTIVE_COMPILATION_CONDITIONS = DEBUG;
				SWIFT_OPTIMIZATION_LEVEL = "-Onone";
			};
			name = Debug;
		};
		18ADF59925D6F24F00DD4546 /* Release */ = {
			isa = XCBuildConfiguration;
			buildSettings = {
				ALWAYS_SEARCH_USER_PATHS = NO;
				CLANG_ANALYZER_NONNULL = YES;
				CLANG_ANALYZER_NUMBER_OBJECT_CONVERSION = YES_AGGRESSIVE;
				CLANG_CXX_LANGUAGE_STANDARD = "gnu++14";
				CLANG_CXX_LIBRARY = "libc++";
				CLANG_ENABLE_MODULES = YES;
				CLANG_ENABLE_OBJC_ARC = YES;
				CLANG_ENABLE_OBJC_WEAK = YES;
				CLANG_WARN_BLOCK_CAPTURE_AUTORELEASING = YES;
				CLANG_WARN_BOOL_CONVERSION = YES;
				CLANG_WARN_COMMA = YES;
				CLANG_WARN_CONSTANT_CONVERSION = YES;
				CLANG_WARN_DEPRECATED_OBJC_IMPLEMENTATIONS = YES;
				CLANG_WARN_DIRECT_OBJC_ISA_USAGE = YES_ERROR;
				CLANG_WARN_DOCUMENTATION_COMMENTS = YES;
				CLANG_WARN_EMPTY_BODY = YES;
				CLANG_WARN_ENUM_CONVERSION = YES;
				CLANG_WARN_INFINITE_RECURSION = YES;
				CLANG_WARN_INT_CONVERSION = YES;
				CLANG_WARN_NON_LITERAL_NULL_CONVERSION = YES;
				CLANG_WARN_OBJC_IMPLICIT_RETAIN_SELF = YES;
				CLANG_WARN_OBJC_LITERAL_CONVERSION = YES;
				CLANG_WARN_OBJC_ROOT_CLASS = YES_ERROR;
				CLANG_WARN_QUOTED_INCLUDE_IN_FRAMEWORK_HEADER = YES;
				CLANG_WARN_RANGE_LOOP_ANALYSIS = YES;
				CLANG_WARN_STRICT_PROTOTYPES = YES;
				CLANG_WARN_SUSPICIOUS_MOVE = YES;
				CLANG_WARN_UNGUARDED_AVAILABILITY = YES_AGGRESSIVE;
				CLANG_WARN_UNREACHABLE_CODE = YES;
				CLANG_WARN__DUPLICATE_METHOD_MATCH = YES;
				COPY_PHASE_STRIP = NO;
				DEBUG_INFORMATION_FORMAT = "dwarf-with-dsym";
				ENABLE_NS_ASSERTIONS = NO;
				ENABLE_STRICT_OBJC_MSGSEND = YES;
				GCC_C_LANGUAGE_STANDARD = gnu11;
				GCC_NO_COMMON_BLOCKS = YES;
				GCC_WARN_64_TO_32_BIT_CONVERSION = YES;
				GCC_WARN_ABOUT_RETURN_TYPE = YES_ERROR;
				GCC_WARN_UNDECLARED_SELECTOR = YES;
				GCC_WARN_UNINITIALIZED_AUTOS = YES_AGGRESSIVE;
				GCC_WARN_UNUSED_FUNCTION = YES;
				GCC_WARN_UNUSED_VARIABLE = YES;
				IPHONEOS_DEPLOYMENT_TARGET = 14.3;
				MTL_ENABLE_DEBUG_INFO = NO;
				MTL_FAST_MATH = YES;
				SDKROOT = iphoneos;
				SWIFT_COMPILATION_MODE = wholemodule;
				SWIFT_OPTIMIZATION_LEVEL = "-O";
				VALIDATE_PRODUCT = YES;
			};
			name = Release;
		};
		18ADF59B25D6F24F00DD4546 /* Debug */ = {
			isa = XCBuildConfiguration;
			baseConfigurationReference = B41B818FA4CE846E35EF4AF3 /* Pods-Flixer.debug.xcconfig */;
			buildSettings = {
				ASSETCATALOG_COMPILER_APPICON_NAME = AppIcon;
				ASSETCATALOG_COMPILER_GLOBAL_ACCENT_COLOR_NAME = AccentColor;
				CODE_SIGN_STYLE = Automatic;
				DEVELOPMENT_TEAM = CX2WD59759;
				INFOPLIST_FILE = Flixer/Info.plist;
				LD_RUNPATH_SEARCH_PATHS = (
					"$(inherited)",
					"@executable_path/Frameworks",
				);
				PRODUCT_BUNDLE_IDENTIFIER = InitialAppGame.Flixer;
				PRODUCT_NAME = "$(TARGET_NAME)";
				SWIFT_VERSION = 5.0;
				TARGETED_DEVICE_FAMILY = "1,2";
			};
			name = Debug;
		};
		18ADF59C25D6F24F00DD4546 /* Release */ = {
			isa = XCBuildConfiguration;
			baseConfigurationReference = 50AF73099141539ECDFEBD58 /* Pods-Flixer.release.xcconfig */;
			buildSettings = {
				ASSETCATALOG_COMPILER_APPICON_NAME = AppIcon;
				ASSETCATALOG_COMPILER_GLOBAL_ACCENT_COLOR_NAME = AccentColor;
				CODE_SIGN_STYLE = Automatic;
				DEVELOPMENT_TEAM = CX2WD59759;
				INFOPLIST_FILE = Flixer/Info.plist;
				LD_RUNPATH_SEARCH_PATHS = (
					"$(inherited)",
					"@executable_path/Frameworks",
				);
				PRODUCT_BUNDLE_IDENTIFIER = InitialAppGame.Flixer;
				PRODUCT_NAME = "$(TARGET_NAME)";
				SWIFT_VERSION = 5.0;
				TARGETED_DEVICE_FAMILY = "1,2";
			};
			name = Release;
		};
		18ADF59E25D6F24F00DD4546 /* Debug */ = {
			isa = XCBuildConfiguration;
			baseConfigurationReference = A15B353394C343F7CC25EBA4 /* Pods-FlixerTests.debug.xcconfig */;
			buildSettings = {
				ALWAYS_EMBED_SWIFT_STANDARD_LIBRARIES = YES;
				BUNDLE_LOADER = "$(TEST_HOST)";
				CODE_SIGN_STYLE = Automatic;
				DEVELOPMENT_TEAM = CX2WD59759;
				INFOPLIST_FILE = FlixerTests/Info.plist;
				IPHONEOS_DEPLOYMENT_TARGET = 14.3;
				LD_RUNPATH_SEARCH_PATHS = (
					"$(inherited)",
					"@executable_path/Frameworks",
					"@loader_path/Frameworks",
				);
				PRODUCT_BUNDLE_IDENTIFIER = InitialAppGame.FlixerTests;
				PRODUCT_NAME = "$(TARGET_NAME)";
				SWIFT_VERSION = 5.0;
				TARGETED_DEVICE_FAMILY = "1,2";
				TEST_HOST = "$(BUILT_PRODUCTS_DIR)/Flixer.app/Flixer";
			};
			name = Debug;
		};
		18ADF59F25D6F24F00DD4546 /* Release */ = {
			isa = XCBuildConfiguration;
			baseConfigurationReference = 5F98DC33E445EBCD6C3A8157 /* Pods-FlixerTests.release.xcconfig */;
			buildSettings = {
				ALWAYS_EMBED_SWIFT_STANDARD_LIBRARIES = YES;
				BUNDLE_LOADER = "$(TEST_HOST)";
				CODE_SIGN_STYLE = Automatic;
				DEVELOPMENT_TEAM = CX2WD59759;
				INFOPLIST_FILE = FlixerTests/Info.plist;
				IPHONEOS_DEPLOYMENT_TARGET = 14.3;
				LD_RUNPATH_SEARCH_PATHS = (
					"$(inherited)",
					"@executable_path/Frameworks",
					"@loader_path/Frameworks",
				);
				PRODUCT_BUNDLE_IDENTIFIER = InitialAppGame.FlixerTests;
				PRODUCT_NAME = "$(TARGET_NAME)";
				SWIFT_VERSION = 5.0;
				TARGETED_DEVICE_FAMILY = "1,2";
				TEST_HOST = "$(BUILT_PRODUCTS_DIR)/Flixer.app/Flixer";
			};
			name = Release;
		};
		18ADF5A125D6F24F00DD4546 /* Debug */ = {
			isa = XCBuildConfiguration;
			baseConfigurationReference = 4B1198A13CE7980A0BEA4EF1 /* Pods-Flixer-FlixerUITests.debug.xcconfig */;
			buildSettings = {
				ALWAYS_EMBED_SWIFT_STANDARD_LIBRARIES = YES;
				CODE_SIGN_STYLE = Automatic;
				DEVELOPMENT_TEAM = CX2WD59759;
				INFOPLIST_FILE = FlixerUITests/Info.plist;
				LD_RUNPATH_SEARCH_PATHS = (
					"$(inherited)",
					"@executable_path/Frameworks",
					"@loader_path/Frameworks",
				);
				PRODUCT_BUNDLE_IDENTIFIER = InitialAppGame.FlixerUITests;
				PRODUCT_NAME = "$(TARGET_NAME)";
				SWIFT_VERSION = 5.0;
				TARGETED_DEVICE_FAMILY = "1,2";
				TEST_TARGET_NAME = Flixer;
			};
			name = Debug;
		};
		18ADF5A225D6F24F00DD4546 /* Release */ = {
			isa = XCBuildConfiguration;
			baseConfigurationReference = 433F9519116192E847F1ACD9 /* Pods-Flixer-FlixerUITests.release.xcconfig */;
			buildSettings = {
				ALWAYS_EMBED_SWIFT_STANDARD_LIBRARIES = YES;
				CODE_SIGN_STYLE = Automatic;
				DEVELOPMENT_TEAM = CX2WD59759;
				INFOPLIST_FILE = FlixerUITests/Info.plist;
				LD_RUNPATH_SEARCH_PATHS = (
					"$(inherited)",
					"@executable_path/Frameworks",
					"@loader_path/Frameworks",
				);
				PRODUCT_BUNDLE_IDENTIFIER = InitialAppGame.FlixerUITests;
				PRODUCT_NAME = "$(TARGET_NAME)";
				SWIFT_VERSION = 5.0;
				TARGETED_DEVICE_FAMILY = "1,2";
				TEST_TARGET_NAME = Flixer;
			};
			name = Release;
		};
/* End XCBuildConfiguration section */

/* Begin XCConfigurationList section */
		18ADF56B25D6F24E00DD4546 /* Build configuration list for PBXProject "Flixer" */ = {
			isa = XCConfigurationList;
			buildConfigurations = (
				18ADF59825D6F24F00DD4546 /* Debug */,
				18ADF59925D6F24F00DD4546 /* Release */,
			);
			defaultConfigurationIsVisible = 0;
			defaultConfigurationName = Release;
		};
		18ADF59A25D6F24F00DD4546 /* Build configuration list for PBXNativeTarget "Flixer" */ = {
			isa = XCConfigurationList;
			buildConfigurations = (
				18ADF59B25D6F24F00DD4546 /* Debug */,
				18ADF59C25D6F24F00DD4546 /* Release */,
			);
			defaultConfigurationIsVisible = 0;
			defaultConfigurationName = Release;
		};
		18ADF59D25D6F24F00DD4546 /* Build configuration list for PBXNativeTarget "FlixerTests" */ = {
			isa = XCConfigurationList;
			buildConfigurations = (
				18ADF59E25D6F24F00DD4546 /* Debug */,
				18ADF59F25D6F24F00DD4546 /* Release */,
			);
			defaultConfigurationIsVisible = 0;
			defaultConfigurationName = Release;
		};
		18ADF5A025D6F24F00DD4546 /* Build configuration list for PBXNativeTarget "FlixerUITests" */ = {
			isa = XCConfigurationList;
			buildConfigurations = (
				18ADF5A125D6F24F00DD4546 /* Debug */,
				18ADF5A225D6F24F00DD4546 /* Release */,
			);
			defaultConfigurationIsVisible = 0;
			defaultConfigurationName = Release;
		};
/* End XCConfigurationList section */
	};
	rootObject = 18ADF56825D6F24E00DD4546 /* Project object */;
}
